// !$*UTF8*$!
{
	archiveVersion = 1;
	classes = {
	};
	objectVersion = 56;
	objects = {

/* Begin PBXBuildFile section */
		C07408B12BDE644700301304 /* PermissionView.swift in Sources */ = {isa = PBXBuildFile; fileRef = C07408B02BDE644700301304 /* PermissionView.swift */; };
		C07408B42BE1404000301304 /* CustomPrompts.swift in Sources */ = {isa = PBXBuildFile; fileRef = C07408B32BE1404000301304 /* CustomPrompts.swift */; };
		C07408B62BE1CC0D00301304 /* PromptDetailsView.swift in Sources */ = {isa = PBXBuildFile; fileRef = C07408B52BE1CC0D00301304 /* PromptDetailsView.swift */; };
		C0CF59922BDC8AC20073C02A /* GeminiXApp.swift in Sources */ = {isa = PBXBuildFile; fileRef = C0CF59912BDC8AC20073C02A /* GeminiXApp.swift */; };
		C0CF59942BDC8AC20073C02A /* ContentView.swift in Sources */ = {isa = PBXBuildFile; fileRef = C0CF59932BDC8AC20073C02A /* ContentView.swift */; };
		C0CF59962BDC8AC40073C02A /* Assets.xcassets in Resources */ = {isa = PBXBuildFile; fileRef = C0CF59952BDC8AC40073C02A /* Assets.xcassets */; };
		C0CF59992BDC8AC40073C02A /* Preview Assets.xcassets in Resources */ = {isa = PBXBuildFile; fileRef = C0CF59982BDC8AC40073C02A /* Preview Assets.xcassets */; };
		C0CF59A12BDC8B110073C02A /* GenerativeAI-Info.plist in Resources */ = {isa = PBXBuildFile; fileRef = C0CF59A02BDC8B110073C02A /* GenerativeAI-Info.plist */; };
		C0CF59A32BDC8B3C0073C02A /* Speech.swift in Sources */ = {isa = PBXBuildFile; fileRef = C0CF59A22BDC8B3B0073C02A /* Speech.swift */; };
		C0CF59A52BDC8B540073C02A /* SwiftData.swift in Sources */ = {isa = PBXBuildFile; fileRef = C0CF59A42BDC8B540073C02A /* SwiftData.swift */; };
		C0CF59A72BDC8B760073C02A /* ModelManager.swift in Sources */ = {isa = PBXBuildFile; fileRef = C0CF59A62BDC8B760073C02A /* ModelManager.swift */; };
		C0CF59AE2BDC8BFE0073C02A /* GoogleGenerativeAI in Frameworks */ = {isa = PBXBuildFile; productRef = C0CF59AD2BDC8BFE0073C02A /* GoogleGenerativeAI */; };
		C0CF59B02BDC8C260073C02A /* ChatMessageBubble.swift in Sources */ = {isa = PBXBuildFile; fileRef = C0CF59AF2BDC8C260073C02A /* ChatMessageBubble.swift */; };
		C0CF59B22BDC8C500073C02A /* ChatDetailsView.swift in Sources */ = {isa = PBXBuildFile; fileRef = C0CF59B12BDC8C500073C02A /* ChatDetailsView.swift */; };
		C0CF59B42BDC8C640073C02A /* ChatView.swift in Sources */ = {isa = PBXBuildFile; fileRef = C0CF59B32BDC8C640073C02A /* ChatView.swift */; };
		C0CF59B72BDC8CB10073C02A /* AIVSAI.swift in Sources */ = {isa = PBXBuildFile; fileRef = C0CF59B62BDC8CB10073C02A /* AIVSAI.swift */; };
		C0CF59B92BDC8CE00073C02A /* SimulationSettings.swift in Sources */ = {isa = PBXBuildFile; fileRef = C0CF59B82BDC8CE00073C02A /* SimulationSettings.swift */; };
		C0CF59BB2BDC8CF30073C02A /* SimulationMessageBubble.swift in Sources */ = {isa = PBXBuildFile; fileRef = C0CF59BA2BDC8CF30073C02A /* SimulationMessageBubble.swift */; };
		C0CF59BD2BDC8D210073C02A /* OtherViews.swift in Sources */ = {isa = PBXBuildFile; fileRef = C0CF59BC2BDC8D210073C02A /* OtherViews.swift */; };
		C0CF59BF2BDC8E510073C02A /* APIKey.swift in Sources */ = {isa = PBXBuildFile; fileRef = C0CF59BE2BDC8E510073C02A /* APIKey.swift */; };
		C0CF59C12BDD02BE0073C02A /* CameraView.swift in Sources */ = {isa = PBXBuildFile; fileRef = C0CF59C02BDD02BE0073C02A /* CameraView.swift */; };
		C0CF59C32BDD03060073C02A /* Vision.swift in Sources */ = {isa = PBXBuildFile; fileRef = C0CF59C22BDD03060073C02A /* Vision.swift */; };
		C0CF59C52BDD03560073C02A /* CameraHandler.swift in Sources */ = {isa = PBXBuildFile; fileRef = C0CF59C42BDD03560073C02A /* CameraHandler.swift */; };
/* End PBXBuildFile section */

/* Begin PBXFileReference section */
		C07408B02BDE644700301304 /* PermissionView.swift */ = {isa = PBXFileReference; lastKnownFileType = sourcecode.swift; path = PermissionView.swift; sourceTree = "<group>"; };
		C07408B32BE1404000301304 /* CustomPrompts.swift */ = {isa = PBXFileReference; lastKnownFileType = sourcecode.swift; path = CustomPrompts.swift; sourceTree = "<group>"; };
		C07408B52BE1CC0D00301304 /* PromptDetailsView.swift */ = {isa = PBXFileReference; lastKnownFileType = sourcecode.swift; path = PromptDetailsView.swift; sourceTree = "<group>"; };
		C0CF598E2BDC8AC20073C02A /* GeminiX.app */ = {isa = PBXFileReference; explicitFileType = wrapper.application; includeInIndex = 0; path = GeminiX.app; sourceTree = BUILT_PRODUCTS_DIR; };
		C0CF59912BDC8AC20073C02A /* GeminiXApp.swift */ = {isa = PBXFileReference; lastKnownFileType = sourcecode.swift; path = GeminiXApp.swift; sourceTree = "<group>"; };
		C0CF59932BDC8AC20073C02A /* ContentView.swift */ = {isa = PBXFileReference; lastKnownFileType = sourcecode.swift; path = ContentView.swift; sourceTree = "<group>"; };
		C0CF59952BDC8AC40073C02A /* Assets.xcassets */ = {isa = PBXFileReference; lastKnownFileType = folder.assetcatalog; path = Assets.xcassets; sourceTree = "<group>"; };
		C0CF59982BDC8AC40073C02A /* Preview Assets.xcassets */ = {isa = PBXFileReference; lastKnownFileType = folder.assetcatalog; path = "Preview Assets.xcassets"; sourceTree = "<group>"; };
		C0CF599F2BDC8AD10073C02A /* GeminiX.entitlements */ = {isa = PBXFileReference; lastKnownFileType = text.plist.entitlements; path = GeminiX.entitlements; sourceTree = "<group>"; };
		C0CF59A02BDC8B110073C02A /* GenerativeAI-Info.plist */ = {isa = PBXFileReference; fileEncoding = 4; lastKnownFileType = text.plist.xml; path = "GenerativeAI-Info.plist"; sourceTree = "<group>"; };
		C0CF59A22BDC8B3B0073C02A /* Speech.swift */ = {isa = PBXFileReference; lastKnownFileType = sourcecode.swift; path = Speech.swift; sourceTree = "<group>"; };
		C0CF59A42BDC8B540073C02A /* SwiftData.swift */ = {isa = PBXFileReference; lastKnownFileType = sourcecode.swift; path = SwiftData.swift; sourceTree = "<group>"; };
		C0CF59A62BDC8B760073C02A /* ModelManager.swift */ = {isa = PBXFileReference; lastKnownFileType = sourcecode.swift; path = ModelManager.swift; sourceTree = "<group>"; };
		C0CF59AF2BDC8C260073C02A /* ChatMessageBubble.swift */ = {isa = PBXFileReference; lastKnownFileType = sourcecode.swift; path = ChatMessageBubble.swift; sourceTree = "<group>"; };
		C0CF59B12BDC8C500073C02A /* ChatDetailsView.swift */ = {isa = PBXFileReference; lastKnownFileType = sourcecode.swift; path = ChatDetailsView.swift; sourceTree = "<group>"; };
		C0CF59B32BDC8C640073C02A /* ChatView.swift */ = {isa = PBXFileReference; lastKnownFileType = sourcecode.swift; path = ChatView.swift; sourceTree = "<group>"; };
		C0CF59B62BDC8CB10073C02A /* AIVSAI.swift */ = {isa = PBXFileReference; lastKnownFileType = sourcecode.swift; path = AIVSAI.swift; sourceTree = "<group>"; };
		C0CF59B82BDC8CE00073C02A /* SimulationSettings.swift */ = {isa = PBXFileReference; lastKnownFileType = sourcecode.swift; path = SimulationSettings.swift; sourceTree = "<group>"; };
		C0CF59BA2BDC8CF30073C02A /* SimulationMessageBubble.swift */ = {isa = PBXFileReference; lastKnownFileType = sourcecode.swift; path = SimulationMessageBubble.swift; sourceTree = "<group>"; };
		C0CF59BC2BDC8D210073C02A /* OtherViews.swift */ = {isa = PBXFileReference; lastKnownFileType = sourcecode.swift; path = OtherViews.swift; sourceTree = "<group>"; };
		C0CF59BE2BDC8E510073C02A /* APIKey.swift */ = {isa = PBXFileReference; lastKnownFileType = sourcecode.swift; path = APIKey.swift; sourceTree = "<group>"; };
		C0CF59C02BDD02BE0073C02A /* CameraView.swift */ = {isa = PBXFileReference; lastKnownFileType = sourcecode.swift; path = CameraView.swift; sourceTree = "<group>"; };
		C0CF59C22BDD03060073C02A /* Vision.swift */ = {isa = PBXFileReference; lastKnownFileType = sourcecode.swift; path = Vision.swift; sourceTree = "<group>"; };
		C0CF59C42BDD03560073C02A /* CameraHandler.swift */ = {isa = PBXFileReference; lastKnownFileType = sourcecode.swift; path = CameraHandler.swift; sourceTree = "<group>"; };
/* End PBXFileReference section */

/* Begin PBXFrameworksBuildPhase section */
		C0CF598B2BDC8AC20073C02A /* Frameworks */ = {
			isa = PBXFrameworksBuildPhase;
			buildActionMask = 2147483647;
			files = (
				C0CF59AE2BDC8BFE0073C02A /* GoogleGenerativeAI in Frameworks */,
			);
			runOnlyForDeploymentPostprocessing = 0;
		};
/* End PBXFrameworksBuildPhase section */

/* Begin PBXGroup section */
		C07408B22BE13F5000301304 /* Brain */ = {
			isa = PBXGroup;
			children = (
				C0CF59A62BDC8B760073C02A /* ModelManager.swift */,
				C0CF59A42BDC8B540073C02A /* SwiftData.swift */,
				C0CF59A22BDC8B3B0073C02A /* Speech.swift */,
				C0CF59BE2BDC8E510073C02A /* APIKey.swift */,
			);
			path = Brain;
			sourceTree = "<group>";
		};
		C0CF59852BDC8AC20073C02A = {
			isa = PBXGroup;
			children = (
				C0CF59A02BDC8B110073C02A /* GenerativeAI-Info.plist */,
				C0CF599F2BDC8AD10073C02A /* GeminiX.entitlements */,
				C07408B22BE13F5000301304 /* Brain */,
				C0CF59912BDC8AC20073C02A /* GeminiXApp.swift */,
				C0CF59932BDC8AC20073C02A /* ContentView.swift */,
				C0CF59902BDC8AC20073C02A /* GeminiX */,
				C0CF598F2BDC8AC20073C02A /* Products */,
			);
			sourceTree = "<group>";
		};
		C0CF598F2BDC8AC20073C02A /* Products */ = {
			isa = PBXGroup;
			children = (
				C0CF598E2BDC8AC20073C02A /* GeminiX.app */,
			);
			name = Products;
			sourceTree = "<group>";
		};
		C0CF59902BDC8AC20073C02A /* GeminiX */ = {
			isa = PBXGroup;
			children = (
				C0CF59AB2BDC8BAC0073C02A /* CustomPrompts */,
				C0CF59AA2BDC8BA20073C02A /* Vision */,
				C0CF59A92BDC8B990073C02A /* Simulation */,
				C0CF59A82BDC8B920073C02A /* Chats */,
				C0CF59952BDC8AC40073C02A /* Assets.xcassets */,
				C0CF59972BDC8AC40073C02A /* Preview Content */,
				C0CF59BC2BDC8D210073C02A /* OtherViews.swift */,
			);
			path = GeminiX;
			sourceTree = "<group>";
		};
		C0CF59972BDC8AC40073C02A /* Preview Content */ = {
			isa = PBXGroup;
			children = (
				C0CF59982BDC8AC40073C02A /* Preview Assets.xcassets */,
			);
			path = "Preview Content";
			sourceTree = "<group>";
		};
		C0CF59A82BDC8B920073C02A /* Chats */ = {
			isa = PBXGroup;
			children = (
				C0CF59AF2BDC8C260073C02A /* ChatMessageBubble.swift */,
				C0CF59B12BDC8C500073C02A /* ChatDetailsView.swift */,
				C0CF59B32BDC8C640073C02A /* ChatView.swift */,
			);
			path = Chats;
			sourceTree = "<group>";
		};
		C0CF59A92BDC8B990073C02A /* Simulation */ = {
			isa = PBXGroup;
			children = (
				C0CF59B62BDC8CB10073C02A /* AIVSAI.swift */,
				C0CF59B82BDC8CE00073C02A /* SimulationSettings.swift */,
				C0CF59BA2BDC8CF30073C02A /* SimulationMessageBubble.swift */,
			);
			path = Simulation;
			sourceTree = "<group>";
		};
		C0CF59AA2BDC8BA20073C02A /* Vision */ = {
			isa = PBXGroup;
			children = (
				C07408B02BDE644700301304 /* PermissionView.swift */,
				C0CF59C02BDD02BE0073C02A /* CameraView.swift */,
				C0CF59C22BDD03060073C02A /* Vision.swift */,
				C0CF59C42BDD03560073C02A /* CameraHandler.swift */,
			);
			path = Vision;
			sourceTree = "<group>";
		};
		C0CF59AB2BDC8BAC0073C02A /* CustomPrompts */ = {
			isa = PBXGroup;
			children = (
				C07408B32BE1404000301304 /* CustomPrompts.swift */,
				C07408B52BE1CC0D00301304 /* PromptDetailsView.swift */,
			);
			path = CustomPrompts;
			sourceTree = "<group>";
		};
/* End PBXGroup section */

/* Begin PBXNativeTarget section */
		C0CF598D2BDC8AC20073C02A /* GeminiX */ = {
			isa = PBXNativeTarget;
			buildConfigurationList = C0CF599C2BDC8AC40073C02A /* Build configuration list for PBXNativeTarget "GeminiX" */;
			buildPhases = (
				C0CF598A2BDC8AC20073C02A /* Sources */,
				C0CF598B2BDC8AC20073C02A /* Frameworks */,
				C0CF598C2BDC8AC20073C02A /* Resources */,
			);
			buildRules = (
			);
			dependencies = (
			);
			name = GeminiX;
			packageProductDependencies = (
				C0CF59AD2BDC8BFE0073C02A /* GoogleGenerativeAI */,
			);
			productName = GeminiX;
			productReference = C0CF598E2BDC8AC20073C02A /* GeminiX.app */;
			productType = "com.apple.product-type.application";
		};
/* End PBXNativeTarget section */

/* Begin PBXProject section */
		C0CF59862BDC8AC20073C02A /* Project object */ = {
			isa = PBXProject;
			attributes = {
				BuildIndependentTargetsInParallel = 1;
				LastSwiftUpdateCheck = 1520;
				LastUpgradeCheck = 1520;
				TargetAttributes = {
					C0CF598D2BDC8AC20073C02A = {
						CreatedOnToolsVersion = 15.2;
					};
				};
			};
			buildConfigurationList = C0CF59892BDC8AC20073C02A /* Build configuration list for PBXProject "GeminiX" */;
			compatibilityVersion = "Xcode 14.0";
			developmentRegion = en;
			hasScannedForEncodings = 0;
			knownRegions = (
				en,
				Base,
			);
			mainGroup = C0CF59852BDC8AC20073C02A;
			packageReferences = (
				C0CF59AC2BDC8BFE0073C02A /* XCRemoteSwiftPackageReference "generative-ai-swift" */,
			);
			productRefGroup = C0CF598F2BDC8AC20073C02A /* Products */;
			projectDirPath = "";
			projectRoot = "";
			targets = (
				C0CF598D2BDC8AC20073C02A /* GeminiX */,
			);
		};
/* End PBXProject section */

/* Begin PBXResourcesBuildPhase section */
		C0CF598C2BDC8AC20073C02A /* Resources */ = {
			isa = PBXResourcesBuildPhase;
			buildActionMask = 2147483647;
			files = (
				C0CF59992BDC8AC40073C02A /* Preview Assets.xcassets in Resources */,
				C0CF59A12BDC8B110073C02A /* GenerativeAI-Info.plist in Resources */,
				C0CF59962BDC8AC40073C02A /* Assets.xcassets in Resources */,
			);
			runOnlyForDeploymentPostprocessing = 0;
		};
/* End PBXResourcesBuildPhase section */

/* Begin PBXSourcesBuildPhase section */
		C0CF598A2BDC8AC20073C02A /* Sources */ = {
			isa = PBXSourcesBuildPhase;
			buildActionMask = 2147483647;
			files = (
				C07408B42BE1404000301304 /* CustomPrompts.swift in Sources */,
				C0CF59BF2BDC8E510073C02A /* APIKey.swift in Sources */,
				C07408B62BE1CC0D00301304 /* PromptDetailsView.swift in Sources */,
				C0CF59C12BDD02BE0073C02A /* CameraView.swift in Sources */,
				C0CF59B72BDC8CB10073C02A /* AIVSAI.swift in Sources */,
				C0CF59B22BDC8C500073C02A /* ChatDetailsView.swift in Sources */,
				C0CF59BB2BDC8CF30073C02A /* SimulationMessageBubble.swift in Sources */,
				C0CF59C52BDD03560073C02A /* CameraHandler.swift in Sources */,
				C0CF59A32BDC8B3C0073C02A /* Speech.swift in Sources */,
				C0CF59A52BDC8B540073C02A /* SwiftData.swift in Sources */,
				C0CF59A72BDC8B760073C02A /* ModelManager.swift in Sources */,
				C0CF59B42BDC8C640073C02A /* ChatView.swift in Sources */,
				C0CF59942BDC8AC20073C02A /* ContentView.swift in Sources */,
				C0CF59922BDC8AC20073C02A /* GeminiXApp.swift in Sources */,
				C07408B12BDE644700301304 /* PermissionView.swift in Sources */,
				C0CF59B02BDC8C260073C02A /* ChatMessageBubble.swift in Sources */,
				C0CF59C32BDD03060073C02A /* Vision.swift in Sources */,
				C0CF59B92BDC8CE00073C02A /* SimulationSettings.swift in Sources */,
				C0CF59BD2BDC8D210073C02A /* OtherViews.swift in Sources */,
			);
			runOnlyForDeploymentPostprocessing = 0;
		};
/* End PBXSourcesBuildPhase section */

/* Begin XCBuildConfiguration section */
		C0CF599A2BDC8AC40073C02A /* Debug */ = {
			isa = XCBuildConfiguration;
			buildSettings = {
				ALWAYS_SEARCH_USER_PATHS = NO;
				ASSETCATALOG_COMPILER_GENERATE_SWIFT_ASSET_SYMBOL_EXTENSIONS = YES;
				CLANG_ANALYZER_NONNULL = YES;
				CLANG_ANALYZER_NUMBER_OBJECT_CONVERSION = YES_AGGRESSIVE;
				CLANG_CXX_LANGUAGE_STANDARD = "gnu++20";
				CLANG_ENABLE_MODULES = YES;
				CLANG_ENABLE_OBJC_ARC = YES;
				CLANG_ENABLE_OBJC_WEAK = YES;
				CLANG_WARN_BLOCK_CAPTURE_AUTORELEASING = YES;
				CLANG_WARN_BOOL_CONVERSION = YES;
				CLANG_WARN_COMMA = YES;
				CLANG_WARN_CONSTANT_CONVERSION = YES;
				CLANG_WARN_DEPRECATED_OBJC_IMPLEMENTATIONS = YES;
				CLANG_WARN_DIRECT_OBJC_ISA_USAGE = YES_ERROR;
				CLANG_WARN_DOCUMENTATION_COMMENTS = YES;
				CLANG_WARN_EMPTY_BODY = YES;
				CLANG_WARN_ENUM_CONVERSION = YES;
				CLANG_WARN_INFINITE_RECURSION = YES;
				CLANG_WARN_INT_CONVERSION = YES;
				CLANG_WARN_NON_LITERAL_NULL_CONVERSION = YES;
				CLANG_WARN_OBJC_IMPLICIT_RETAIN_SELF = YES;
				CLANG_WARN_OBJC_LITERAL_CONVERSION = YES;
				CLANG_WARN_OBJC_ROOT_CLASS = YES_ERROR;
				CLANG_WARN_QUOTED_INCLUDE_IN_FRAMEWORK_HEADER = YES;
				CLANG_WARN_RANGE_LOOP_ANALYSIS = YES;
				CLANG_WARN_STRICT_PROTOTYPES = YES;
				CLANG_WARN_SUSPICIOUS_MOVE = YES;
				CLANG_WARN_UNGUARDED_AVAILABILITY = YES_AGGRESSIVE;
				CLANG_WARN_UNREACHABLE_CODE = YES;
				CLANG_WARN__DUPLICATE_METHOD_MATCH = YES;
				COPY_PHASE_STRIP = NO;
				DEBUG_INFORMATION_FORMAT = dwarf;
				ENABLE_STRICT_OBJC_MSGSEND = YES;
				ENABLE_TESTABILITY = YES;
				ENABLE_USER_SCRIPT_SANDBOXING = YES;
				GCC_C_LANGUAGE_STANDARD = gnu17;
				GCC_DYNAMIC_NO_PIC = NO;
				GCC_NO_COMMON_BLOCKS = YES;
				GCC_OPTIMIZATION_LEVEL = 0;
				GCC_PREPROCESSOR_DEFINITIONS = (
					"DEBUG=1",
					"$(inherited)",
				);
				GCC_WARN_64_TO_32_BIT_CONVERSION = YES;
				GCC_WARN_ABOUT_RETURN_TYPE = YES_ERROR;
				GCC_WARN_UNDECLARED_SELECTOR = YES;
				GCC_WARN_UNINITIALIZED_AUTOS = YES_AGGRESSIVE;
				GCC_WARN_UNUSED_FUNCTION = YES;
				GCC_WARN_UNUSED_VARIABLE = YES;
				IPHONEOS_DEPLOYMENT_TARGET = 17.2;
				LOCALIZATION_PREFERS_STRING_CATALOGS = YES;
				MTL_ENABLE_DEBUG_INFO = INCLUDE_SOURCE;
				MTL_FAST_MATH = YES;
				ONLY_ACTIVE_ARCH = YES;
				SDKROOT = iphoneos;
				SWIFT_ACTIVE_COMPILATION_CONDITIONS = "DEBUG $(inherited)";
				SWIFT_OPTIMIZATION_LEVEL = "-Onone";
			};
			name = Debug;
		};
		C0CF599B2BDC8AC40073C02A /* Release */ = {
			isa = XCBuildConfiguration;
			buildSettings = {
				ALWAYS_SEARCH_USER_PATHS = NO;
				ASSETCATALOG_COMPILER_GENERATE_SWIFT_ASSET_SYMBOL_EXTENSIONS = YES;
				CLANG_ANALYZER_NONNULL = YES;
				CLANG_ANALYZER_NUMBER_OBJECT_CONVERSION = YES_AGGRESSIVE;
				CLANG_CXX_LANGUAGE_STANDARD = "gnu++20";
				CLANG_ENABLE_MODULES = YES;
				CLANG_ENABLE_OBJC_ARC = YES;
				CLANG_ENABLE_OBJC_WEAK = YES;
				CLANG_WARN_BLOCK_CAPTURE_AUTORELEASING = YES;
				CLANG_WARN_BOOL_CONVERSION = YES;
				CLANG_WARN_COMMA = YES;
				CLANG_WARN_CONSTANT_CONVERSION = YES;
				CLANG_WARN_DEPRECATED_OBJC_IMPLEMENTATIONS = YES;
				CLANG_WARN_DIRECT_OBJC_ISA_USAGE = YES_ERROR;
				CLANG_WARN_DOCUMENTATION_COMMENTS = YES;
				CLANG_WARN_EMPTY_BODY = YES;
				CLANG_WARN_ENUM_CONVERSION = YES;
				CLANG_WARN_INFINITE_RECURSION = YES;
				CLANG_WARN_INT_CONVERSION = YES;
				CLANG_WARN_NON_LITERAL_NULL_CONVERSION = YES;
				CLANG_WARN_OBJC_IMPLICIT_RETAIN_SELF = YES;
				CLANG_WARN_OBJC_LITERAL_CONVERSION = YES;
				CLANG_WARN_OBJC_ROOT_CLASS = YES_ERROR;
				CLANG_WARN_QUOTED_INCLUDE_IN_FRAMEWORK_HEADER = YES;
				CLANG_WARN_RANGE_LOOP_ANALYSIS = YES;
				CLANG_WARN_STRICT_PROTOTYPES = YES;
				CLANG_WARN_SUSPICIOUS_MOVE = YES;
				CLANG_WARN_UNGUARDED_AVAILABILITY = YES_AGGRESSIVE;
				CLANG_WARN_UNREACHABLE_CODE = YES;
				CLANG_WARN__DUPLICATE_METHOD_MATCH = YES;
				COPY_PHASE_STRIP = NO;
				DEBUG_INFORMATION_FORMAT = "dwarf-with-dsym";
				ENABLE_NS_ASSERTIONS = NO;
				ENABLE_STRICT_OBJC_MSGSEND = YES;
				ENABLE_USER_SCRIPT_SANDBOXING = YES;
				GCC_C_LANGUAGE_STANDARD = gnu17;
				GCC_NO_COMMON_BLOCKS = YES;
				GCC_WARN_64_TO_32_BIT_CONVERSION = YES;
				GCC_WARN_ABOUT_RETURN_TYPE = YES_ERROR;
				GCC_WARN_UNDECLARED_SELECTOR = YES;
				GCC_WARN_UNINITIALIZED_AUTOS = YES_AGGRESSIVE;
				GCC_WARN_UNUSED_FUNCTION = YES;
				GCC_WARN_UNUSED_VARIABLE = YES;
				IPHONEOS_DEPLOYMENT_TARGET = 17.2;
				LOCALIZATION_PREFERS_STRING_CATALOGS = YES;
				MTL_ENABLE_DEBUG_INFO = NO;
				MTL_FAST_MATH = YES;
				SDKROOT = iphoneos;
				SWIFT_COMPILATION_MODE = wholemodule;
				VALIDATE_PRODUCT = YES;
			};
			name = Release;
		};
		C0CF599D2BDC8AC40073C02A /* Debug */ = {
			isa = XCBuildConfiguration;
			buildSettings = {
				ASSETCATALOG_COMPILER_APPICON_NAME = AppIcon;
				ASSETCATALOG_COMPILER_GLOBAL_ACCENT_COLOR_NAME = AccentColor;
				CODE_SIGN_ENTITLEMENTS = GeminiX/GeminiX.entitlements;
				"CODE_SIGN_IDENTITY[sdk=macosx*]" = "Apple Development";
				CODE_SIGN_STYLE = Automatic;
				CURRENT_PROJECT_VERSION = 1;
				DEVELOPMENT_ASSET_PATHS = "\"GeminiX/Preview Content\"";
				DEVELOPMENT_TEAM = TC55M6A6Z4;
				ENABLE_PREVIEWS = YES;
				GENERATE_INFOPLIST_FILE = YES;
				INFOPLIST_KEY_NSCameraUsageDescription = "We need access to camer to show live camer view.";
				INFOPLIST_KEY_NSMicrophoneUsageDescription = dqdq;
				INFOPLIST_KEY_NSSpeechRecognitionUsageDescription = "We need access to micrphone to transribe what you say into a text.";
				INFOPLIST_KEY_UIApplicationSceneManifest_Generation = YES;
				INFOPLIST_KEY_UIApplicationSupportsIndirectInputEvents = YES;
				INFOPLIST_KEY_UILaunchScreen_Generation = YES;
				INFOPLIST_KEY_UISupportedInterfaceOrientations_iPad = "UIInterfaceOrientationPortrait UIInterfaceOrientationPortraitUpsideDown UIInterfaceOrientationLandscapeLeft UIInterfaceOrientationLandscapeRight";
				INFOPLIST_KEY_UISupportedInterfaceOrientations_iPhone = "UIInterfaceOrientationPortrait UIInterfaceOrientationLandscapeLeft UIInterfaceOrientationLandscapeRight";
				LD_RUNPATH_SEARCH_PATHS = (
					"$(inherited)",
					"@executable_path/Frameworks",
				);
				MARKETING_VERSION = 1.0;
				PRODUCT_BUNDLE_IDENTIFIER = Seugjun.GeminiX;
				PRODUCT_NAME = "$(TARGET_NAME)";
				SUPPORTED_PLATFORMS = "iphoneos iphonesimulator";
				SUPPORTS_MACCATALYST = YES;
				SUPPORTS_MAC_DESIGNED_FOR_IPHONE_IPAD = NO;
				SUPPORTS_XR_DESIGNED_FOR_IPHONE_IPAD = NO;
				SWIFT_EMIT_LOC_STRINGS = YES;
				SWIFT_VERSION = 5.0;
			};
			name = Debug;
		};
		C0CF599E2BDC8AC40073C02A /* Release */ = {
			isa = XCBuildConfiguration;
			buildSettings = {
				ASSETCATALOG_COMPILER_APPICON_NAME = AppIcon;
				ASSETCATALOG_COMPILER_GLOBAL_ACCENT_COLOR_NAME = AccentColor;
				CODE_SIGN_ENTITLEMENTS = GeminiX/GeminiX.entitlements;
				"CODE_SIGN_IDENTITY[sdk=macosx*]" = "Apple Development";
				CODE_SIGN_STYLE = Automatic;
				CURRENT_PROJECT_VERSION = 1;
				DEVELOPMENT_ASSET_PATHS = "\"GeminiX/Preview Content\"";
				DEVELOPMENT_TEAM = TC55M6A6Z4;
				ENABLE_PREVIEWS = YES;
				GENERATE_INFOPLIST_FILE = YES;
				INFOPLIST_KEY_NSCameraUsageDescription = "We need access to camer to show live camer view.";
				INFOPLIST_KEY_NSMicrophoneUsageDescription = dqdq;
				INFOPLIST_KEY_NSSpeechRecognitionUsageDescription = "We need access to micrphone to transribe what you say into a text.";
				INFOPLIST_KEY_UIApplicationSceneManifest_Generation = YES;
				INFOPLIST_KEY_UIApplicationSupportsIndirectInputEvents = YES;
				INFOPLIST_KEY_UILaunchScreen_Generation = YES;
				INFOPLIST_KEY_UISupportedInterfaceOrientations_iPad = "UIInterfaceOrientationPortrait UIInterfaceOrientationPortraitUpsideDown UIInterfaceOrientationLandscapeLeft UIInterfaceOrientationLandscapeRight";
				INFOPLIST_KEY_UISupportedInterfaceOrientations_iPhone = "UIInterfaceOrientationPortrait UIInterfaceOrientationLandscapeLeft UIInterfaceOrientationLandscapeRight";
				LD_RUNPATH_SEARCH_PATHS = (
					"$(inherited)",
					"@executable_path/Frameworks",
				);
				MARKETING_VERSION = 1.0;
				PRODUCT_BUNDLE_IDENTIFIER = Seugjun.GeminiX;
				PRODUCT_NAME = "$(TARGET_NAME)";
				SUPPORTED_PLATFORMS = "iphoneos iphonesimulator";
				SUPPORTS_MACCATALYST = YES;
				SUPPORTS_MAC_DESIGNED_FOR_IPHONE_IPAD = NO;
				SUPPORTS_XR_DESIGNED_FOR_IPHONE_IPAD = NO;
				SWIFT_EMIT_LOC_STRINGS = YES;
				SWIFT_VERSION = 5.0;
			};
			name = Release;
		};
/* End XCBuildConfiguration section */

/* Begin XCConfigurationList section */
		C0CF59892BDC8AC20073C02A /* Build configuration list for PBXProject "GeminiX" */ = {
			isa = XCConfigurationList;
			buildConfigurations = (
				C0CF599A2BDC8AC40073C02A /* Debug */,
				C0CF599B2BDC8AC40073C02A /* Release */,
			);
			defaultConfigurationIsVisible = 0;
			defaultConfigurationName = Release;
		};
		C0CF599C2BDC8AC40073C02A /* Build configuration list for PBXNativeTarget "GeminiX" */ = {
			isa = XCConfigurationList;
			buildConfigurations = (
				C0CF599D2BDC8AC40073C02A /* Debug */,
				C0CF599E2BDC8AC40073C02A /* Release */,
			);
			defaultConfigurationIsVisible = 0;
			defaultConfigurationName = Release;
		};
/* End XCConfigurationList section */

/* Begin XCRemoteSwiftPackageReference section */
		C0CF59AC2BDC8BFE0073C02A /* XCRemoteSwiftPackageReference "generative-ai-swift" */ = {
			isa = XCRemoteSwiftPackageReference;
			repositoryURL = "https://github.com/google/generative-ai-swift";
			requirement = {
				kind = upToNextMajorVersion;
				minimumVersion = 0.5.0;
			};
		};
/* End XCRemoteSwiftPackageReference section */

/* Begin XCSwiftPackageProductDependency section */
		C0CF59AD2BDC8BFE0073C02A /* GoogleGenerativeAI */ = {
			isa = XCSwiftPackageProductDependency;
			package = C0CF59AC2BDC8BFE0073C02A /* XCRemoteSwiftPackageReference "generative-ai-swift" */;
			productName = GoogleGenerativeAI;
		};
/* End XCSwiftPackageProductDependency section */
	};
	rootObject = C0CF59862BDC8AC20073C02A /* Project object */;
}
